
Microsoft Visual Studio Solution File, Format Version 12.00
# Visual Studio Version 16
VisualStudioVersion = 16.0.31313.79
MinimumVisualStudioVersion = 10.0.40219.1
Project("{FAE04EC0-301F-11D3-BF4B-00C04F79EFBC}") = "EscrevendoNoCelular", "EscrevendoNoCelular\EscrevendoNoCelular.csproj", "{073CFBA6-D7C1-4513-9C70-D681DA70E236}"
EndProject
Project("{FAE04EC0-301F-11D3-BF4B-00C04F79EFBC}") = "EscrevendoNoCelularTestes", "CelularTestes\EscrevendoNoCelularTestes.csproj", "{C32E7F22-73C5-49F2-9182-6AB569F91CCE}"
EndProject
Global
	GlobalSection(SolutionConfigurationPlatforms) = preSolution
		Debug|Any CPU = Debug|Any CPU
		Release|Any CPU = Release|Any CPU
	EndGlobalSection
	GlobalSection(ProjectConfigurationPlatforms) = postSolution
		{073CFBA6-D7C1-4513-9C70-D681DA70E236}.Debug|Any CPU.ActiveCfg = Debug|Any CPU
		{073CFBA6-D7C1-4513-9C70-D681DA70E236}.Debug|Any CPU.Build.0 = Debug|Any CPU
		{073CFBA6-D7C1-4513-9C70-D681DA70E236}.Release|Any CPU.ActiveCfg = Release|Any CPU
		{073CFBA6-D7C1-4513-9C70-D681DA70E236}.Release|Any CPU.Build.0 = Release|Any CPU
		{C32E7F22-73C5-49F2-9182-6AB569F91CCE}.Debug|Any CPU.ActiveCfg = Debug|Any CPU
		{C32E7F22-73C5-49F2-9182-6AB569F91CCE}.Debug|Any CPU.Build.0 = Debug|Any CPU
		{C32E7F22-73C5-49F2-9182-6AB569F91CCE}.Release|Any CPU.ActiveCfg = Release|Any CPU
		{C32E7F22-73C5-49F2-9182-6AB569F91CCE}.Release|Any CPU.Build.0 = Release|Any CPU
	EndGlobalSection
	GlobalSection(SolutionProperties) = preSolution
		HideSolutionNode = FALSE
	EndGlobalSection
	GlobalSection(ExtensibilityGlobals) = postSolution
		SolutionGuid = {F23B2D2A-E667-4167-B4B0-563FCC9967E4}
	EndGlobalSection
EndGlobal
